# This file is automatically @generated by Cargo.
# It is not intended for manual editing.
version = 4

[[package]]
name = "vibe-doc-cli"
version = "0.1.0"
dependencies = [
 "vibe-doc-core",
]

[[package]]
name = "vibe-doc-core"
version = "0.1.0"

[[package]]
name = "vibe-doc-server"
version = "0.1.0"
dependencies = [
 "vibe-doc-core",
]
